
Microsoft Visual Studio Solution File, Format Version 12.00
# Visual Studio Version 17
VisualStudioVersion = 17.11.35327.3
MinimumVisualStudioVersion = 10.0.40219.1
Project("{9A19103F-16F7-4668-BE54-9A1E7A4F7556}") = "Syml", "Syml\Syml.csproj", "{5D45F6B4-77EF-410F-AE34-7FBA01157102}"
EndProject
Project("{2150E333-8FDC-42A3-9474-1A3956D46DE8}") = "Solution Items", "Solution Items", "{7B41315F-9893-45B8-AACE-B0ADC3CAE6DE}"
	ProjectSection(SolutionItems) = preProject
		.editorconfig = .editorconfig
	EndProjectSection
EndProject
Project("{FAE04EC0-301F-11D3-BF4B-00C04F79EFBC}") = "Syml_Exemple", "Syml_Exemple\Syml_Exemple.csproj", "{DB3CFA0B-663E-42A8-BE1B-0D7E8D15DFC6}"
EndProject
Global
	GlobalSection(SolutionConfigurationPlatforms) = preSolution
		Debug|Any CPU = Debug|Any CPU
		Release|Any CPU = Release|Any CPU
	EndGlobalSection
	GlobalSection(ProjectConfigurationPlatforms) = postSolution
		{5D45F6B4-77EF-410F-AE34-7FBA01157102}.Debug|Any CPU.ActiveCfg = Debug|Any CPU
		{5D45F6B4-77EF-410F-AE34-7FBA01157102}.Debug|Any CPU.Build.0 = Debug|Any CPU
		{5D45F6B4-77EF-410F-AE34-7FBA01157102}.Release|Any CPU.ActiveCfg = Release|Any CPU
		{5D45F6B4-77EF-410F-AE34-7FBA01157102}.Release|Any CPU.Build.0 = Release|Any CPU
		{DB3CFA0B-663E-42A8-BE1B-0D7E8D15DFC6}.Debug|Any CPU.ActiveCfg = Debug|Any CPU
		{DB3CFA0B-663E-42A8-BE1B-0D7E8D15DFC6}.Debug|Any CPU.Build.0 = Debug|Any CPU
		{DB3CFA0B-663E-42A8-BE1B-0D7E8D15DFC6}.Release|Any CPU.ActiveCfg = Release|Any CPU
		{DB3CFA0B-663E-42A8-BE1B-0D7E8D15DFC6}.Release|Any CPU.Build.0 = Release|Any CPU
	EndGlobalSection
	GlobalSection(SolutionProperties) = preSolution
		HideSolutionNode = FALSE
	EndGlobalSection
	GlobalSection(ExtensibilityGlobals) = postSolution
		SolutionGuid = {DDD01A36-8E7C-4649-8BFD-23EBF223D566}
	EndGlobalSection
EndGlobal
